
Microsoft Visual Studio Solution File, Format Version 12.00
# Visual Studio Version 17
VisualStudioVersion = 17.9.34622.214
MinimumVisualStudioVersion = 10.0.40219.1
Project("{8BC9CEB8-8B4A-11D0-8D11-00A0C91BC942}") = "2024-CPP-201", "2024-CPP-201\2024-CPP-201.vcxproj", "{A1A6D4AF-C06F-4B32-8D1C-70D7AF5234BA}"
EndProject
Project("{8BC9CEB8-8B4A-11D0-8D11-00A0C91BC942}") = "BricksGame", "BricksGame\BricksGame.vcxproj", "{7B04A2E4-BFC2-4E2C-92D9-498D1730C156}"
EndProject
Project("{8BC9CEB8-8B4A-11D0-8D11-00A0C91BC942}") = "Project", "Project\Project.vcxproj", "{889DF630-5316-49FE-B28D-F33B5350C849}"
EndProject
Global
	GlobalSection(SolutionConfigurationPlatforms) = preSolution
		Debug|x64 = Debug|x64
		Debug|x86 = Debug|x86
		Release|x64 = Release|x64
		Release|x86 = Release|x86
	EndGlobalSection
	GlobalSection(ProjectConfigurationPlatforms) = postSolution
		{A1A6D4AF-C06F-4B32-8D1C-70D7AF5234BA}.Debug|x64.ActiveCfg = Debug|x64
		{A1A6D4AF-C06F-4B32-8D1C-70D7AF5234BA}.Debug|x64.Build.0 = Debug|x64
		{A1A6D4AF-C06F-4B32-8D1C-70D7AF5234BA}.Debug|x86.ActiveCfg = Debug|Win32
		{A1A6D4AF-C06F-4B32-8D1C-70D7AF5234BA}.Debug|x86.Build.0 = Debug|Win32
		{A1A6D4AF-C06F-4B32-8D1C-70D7AF5234BA}.Release|x64.ActiveCfg = Release|x64
		{A1A6D4AF-C06F-4B32-8D1C-70D7AF5234BA}.Release|x64.Build.0 = Release|x64
		{A1A6D4AF-C06F-4B32-8D1C-70D7AF5234BA}.Release|x86.ActiveCfg = Release|Win32
		{A1A6D4AF-C06F-4B32-8D1C-70D7AF5234BA}.Release|x86.Build.0 = Release|Win32
		{7B04A2E4-BFC2-4E2C-92D9-498D1730C156}.Debug|x64.ActiveCfg = Debug|x64
		{7B04A2E4-BFC2-4E2C-92D9-498D1730C156}.Debug|x64.Build.0 = Debug|x64
		{7B04A2E4-BFC2-4E2C-92D9-498D1730C156}.Debug|x86.ActiveCfg = Debug|Win32
		{7B04A2E4-BFC2-4E2C-92D9-498D1730C156}.Debug|x86.Build.0 = Debug|Win32
		{7B04A2E4-BFC2-4E2C-92D9-498D1730C156}.Release|x64.ActiveCfg = Release|x64
		{7B04A2E4-BFC2-4E2C-92D9-498D1730C156}.Release|x64.Build.0 = Release|x64
		{7B04A2E4-BFC2-4E2C-92D9-498D1730C156}.Release|x86.ActiveCfg = Release|Win32
		{7B04A2E4-BFC2-4E2C-92D9-498D1730C156}.Release|x86.Build.0 = Release|Win32
		{889DF630-5316-49FE-B28D-F33B5350C849}.Debug|x64.ActiveCfg = Debug|x64
		{889DF630-5316-49FE-B28D-F33B5350C849}.Debug|x64.Build.0 = Debug|x64
		{889DF630-5316-49FE-B28D-F33B5350C849}.Debug|x86.ActiveCfg = Debug|Win32
		{889DF630-5316-49FE-B28D-F33B5350C849}.Debug|x86.Build.0 = Debug|Win32
		{889DF630-5316-49FE-B28D-F33B5350C849}.Release|x64.ActiveCfg = Release|x64
		{889DF630-5316-49FE-B28D-F33B5350C849}.Release|x64.Build.0 = Release|x64
		{889DF630-5316-49FE-B28D-F33B5350C849}.Release|x86.ActiveCfg = Release|Win32
		{889DF630-5316-49FE-B28D-F33B5350C849}.Release|x86.Build.0 = Release|Win32
	EndGlobalSection
	GlobalSection(SolutionProperties) = preSolution
		HideSolutionNode = FALSE
	EndGlobalSection
	GlobalSection(ExtensibilityGlobals) = postSolution
		SolutionGuid = {BF338CB6-009F-46F3-AB68-3CD4D45D5E14}
	EndGlobalSection
EndGlobal
